
Microsoft Visual Studio Solution File, Format Version 11.00
# Visual C# Express 2010
Project("{FAE04EC0-301F-11D3-BF4B-00C04F79EFBC}") = "Loderpit", "Loderpit\Loderpit\Loderpit.csproj", "{9C58B7AA-4485-4C0E-BB70-A54423AF20B3}"
EndProject
Global
	GlobalSection(SolutionConfigurationPlatforms) = preSolution
		Debug|x86 = Debug|x86
		Release|x86 = Release|x86
	EndGlobalSection
	GlobalSection(ProjectConfigurationPlatforms) = postSolution
		{9C58B7AA-4485-4C0E-BB70-A54423AF20B3}.Debug|x86.ActiveCfg = Debug|x86
		{9C58B7AA-4485-4C0E-BB70-A54423AF20B3}.Debug|x86.Build.0 = Debug|x86
		{9C58B7AA-4485-4C0E-BB70-A54423AF20B3}.Release|x86.ActiveCfg = Release|x86
		{9C58B7AA-4485-4C0E-BB70-A54423AF20B3}.Release|x86.Build.0 = Release|x86
	EndGlobalSection
	GlobalSection(SolutionProperties) = preSolution
		HideSolutionNode = FALSE
	EndGlobalSection
EndGlobal
